// !$*UTF8*$!
{
	archiveVersion = 1;
	classes = {
	};
	objectVersion = 46;
	objects = {

/* Begin PBXBuildFile section */
		94F892851DBE556A0062B8D2 /* AppDelegate.swift in Sources */ = {isa = PBXBuildFile; fileRef = 94F892841DBE556A0062B8D2 /* AppDelegate.swift */; };
		94F892871DBE556A0062B8D2 /* ViewController.swift in Sources */ = {isa = PBXBuildFile; fileRef = 94F892861DBE556A0062B8D2 /* ViewController.swift */; };
		94F8928A1DBE556A0062B8D2 /* Main.storyboard in Resources */ = {isa = PBXBuildFile; fileRef = 94F892881DBE556A0062B8D2 /* Main.storyboard */; };
		94F8928C1DBE556A0062B8D2 /* Assets.xcassets in Resources */ = {isa = PBXBuildFile; fileRef = 94F8928B1DBE556A0062B8D2 /* Assets.xcassets */; };
		94F8928F1DBE556A0062B8D2 /* LaunchScreen.storyboard in Resources */ = {isa = PBXBuildFile; fileRef = 94F8928D1DBE556A0062B8D2 /* LaunchScreen.storyboard */; };
/* End PBXBuildFile section */

/* Begin PBXFileReference section */
		94F892811DBE556A0062B8D2 /* SwiftBondNCMB.app */ = {isa = PBXFileReference; explicitFileType = wrapper.application; includeInIndex = 0; path = SwiftBondNCMB.app; sourceTree = BUILT_PRODUCTS_DIR; };
		94F892841DBE556A0062B8D2 /* AppDelegate.swift */ = {isa = PBXFileReference; lastKnownFileType = sourcecode.swift; path = AppDelegate.swift; sourceTree = "<group>"; };
		94F892861DBE556A0062B8D2 /* ViewController.swift */ = {isa = PBXFileReference; lastKnownFileType = sourcecode.swift; path = ViewController.swift; sourceTree = "<group>"; };
		94F892891DBE556A0062B8D2 /* Base */ = {isa = PBXFileReference; lastKnownFileType = file.storyboard; name = Base; path = Base.lproj/Main.storyboard; sourceTree = "<group>"; };
		94F8928B1DBE556A0062B8D2 /* Assets.xcassets */ = {isa = PBXFileReference; lastKnownFileType = folder.assetcatalog; path = Assets.xcassets; sourceTree = "<group>"; };
		94F8928E1DBE556A0062B8D2 /* Base */ = {isa = PBXFileReference; lastKnownFileType = file.storyboard; name = Base; path = Base.lproj/LaunchScreen.storyboard; sourceTree = "<group>"; };
		94F892901DBE556A0062B8D2 /* Info.plist */ = {isa = PBXFileReference; lastKnownFileType = text.plist.xml; path = Info.plist; sourceTree = "<group>"; };
/* End PBXFileReference section */

/* Begin PBXFrameworksBuildPhase section */
		94F8927E1DBE556A0062B8D2 /* Frameworks */ = {
			isa = PBXFrameworksBuildPhase;
			buildActionMask = 2147483647;
			files = (
			);
			runOnlyForDeploymentPostprocessing = 0;
		};
/* End PBXFrameworksBuildPhase section */

/* Begin PBXGroup section */
		94F892781DBE556A0062B8D2 = {
			isa = PBXGroup;
			children = (
				94F892831DBE556A0062B8D2 /* SwiftBondNCMB */,
				94F892821DBE556A0062B8D2 /* Products */,
			);
			sourceTree = "<group>";
		};
		94F892821DBE556A0062B8D2 /* Products */ = {
			isa = PBXGroup;
			children = (
				94F892811DBE556A0062B8D2 /* SwiftBondNCMB.app */,
			);
			name = Products;
			sourceTree = "<group>";
		};
		94F892831DBE556A0062B8D2 /* SwiftBondNCMB */ = {
			isa = PBXGroup;
			children = (
				94F892841DBE556A0062B8D2 /* AppDelegate.swift */,
				94F892861DBE556A0062B8D2 /* ViewController.swift */,
				94F892881DBE556A0062B8D2 /* Main.storyboard */,
				94F8928B1DBE556A0062B8D2 /* Assets.xcassets */,
				94F8928D1DBE556A0062B8D2 /* LaunchScreen.storyboard */,
				94F892901DBE556A0062B8D2 /* Info.plist */,
			);
			path = SwiftBondNCMB;
			sourceTree = "<group>";
		};
/* End PBXGroup section */

/* Begin PBXNativeTarget section */
		94F892801DBE556A0062B8D2 /* SwiftBondNCMB */ = {
			isa = PBXNativeTarget;
			buildConfigurationList = 94F892931DBE556A0062B8D2 /* Build configuration list for PBXNativeTarget "SwiftBondNCMB" */;
			buildPhases = (
				94F8927D1DBE556A0062B8D2 /* Sources */,
				94F8927E1DBE556A0062B8D2 /* Frameworks */,
				94F8927F1DBE556A0062B8D2 /* Resources */,
			);
			buildRules = (
			);
			dependencies = (
			);
			name = SwiftBondNCMB;
			productName = SwiftBondNCMB;
			productReference = 94F892811DBE556A0062B8D2 /* SwiftBondNCMB.app */;
			productType = "com.apple.product-type.application";
		};
/* End PBXNativeTarget section */

/* Begin PBXProject section */
		94F892791DBE556A0062B8D2 /* Project object */ = {
			isa = PBXProject;
			attributes = {
				LastSwiftUpdateCheck = 0730;
				LastUpgradeCheck = 0730;
				ORGANIZATIONNAME = DaichiSaito;
				TargetAttributes = {
					94F892801DBE556A0062B8D2 = {
						CreatedOnToolsVersion = 7.3.1;
					};
				};
			};
			buildConfigurationList = 94F8927C1DBE556A0062B8D2 /* Build configuration list for PBXProject "SwiftBondNCMB" */;
			compatibilityVersion = "Xcode 3.2";
			developmentRegion = English;
			hasScannedForEncodings = 0;
			knownRegions = (
				en,
				Base,
			);
			mainGroup = 94F892781DBE556A0062B8D2;
			productRefGroup = 94F892821DBE556A0062B8D2 /* Products */;
			projectDirPath = "";
			projectRoot = "";
			targets = (
				94F892801DBE556A0062B8D2 /* SwiftBondNCMB */,
			);
		};
/* End PBXProject section */

/* Begin PBXResourcesBuildPhase section */
		94F8927F1DBE556A0062B8D2 /* Resources */ = {
			isa = PBXResourcesBuildPhase;
			buildActionMask = 2147483647;
			files = (
				94F8928F1DBE556A0062B8D2 /* LaunchScreen.storyboard in Resources */,
				94F8928C1DBE556A0062B8D2 /* Assets.xcassets in Resources */,
				94F8928A1DBE556A0062B8D2 /* Main.storyboard in Resources */,
			);
			runOnlyForDeploymentPostprocessing = 0;
		};
/* End PBXResourcesBuildPhase section */

/* Begin PBXSourcesBuildPhase section */
		94F8927D1DBE556A0062B8D2 /* Sources */ = {
			isa = PBXSourcesBuildPhase;
			buildActionMask = 2147483647;
			files = (
				94F892871DBE556A0062B8D2 /* ViewController.swift in Sources */,
				94F892851DBE556A0062B8D2 /* AppDelegate.swift in Sources */,
			);
			runOnlyForDeploymentPostprocessing = 0;
		};
/* End PBXSourcesBuildPhase section */

/* Begin PBXVariantGroup section */
		94F892881DBE556A0062B8D2 /* Main.storyboard */ = {
			isa = PBXVariantGroup;
			children = (
				94F892891DBE556A0062B8D2 /* Base */,
			);
			name = Main.storyboard;
			sourceTree = "<group>";
		};
		94F8928D1DBE556A0062B8D2 /* LaunchScreen.storyboard */ = {
			isa = PBXVariantGroup;
			children = (
				94F8928E1DBE556A0062B8D2 /* Base */,
			);
			name = LaunchScreen.storyboard;
			sourceTree = "<group>";
		};
/* End PBXVariantGroup section */

/* Begin XCBuildConfiguration section */
		94F892911DBE556A0062B8D2 /* Debug */ = {
			isa = XCBuildConfiguration;
			buildSettings = {
				ALWAYS_SEARCH_USER_PATHS = NO;
				CLANG_ANALYZER_NONNULL = YES;
				CLANG_CXX_LANGUAGE_STANDARD = "gnu++0x";
				CLANG_CXX_LIBRARY = "libc++";
				CLANG_ENABLE_MODULES = YES;
				CLANG_ENABLE_OBJC_ARC = YES;
				CLANG_WARN_BOOL_CONVERSION = YES;
				CLANG_WARN_CONSTANT_CONVERSION = YES;
				CLANG_WARN_DIRECT_OBJC_ISA_USAGE = YES_ERROR;
				CLANG_WARN_EMPTY_BODY = YES;
				CLANG_WARN_ENUM_CONVERSION = YES;
				CLANG_WARN_INT_CONVERSION = YES;
				CLANG_WARN_OBJC_ROOT_CLASS = YES_ERROR;
				CLANG_WARN_UNREACHABLE_CODE = YES;
				CLANG_WARN__DUPLICATE_METHOD_MATCH = YES;
				"CODE_SIGN_IDENTITY[sdk=iphoneos*]" = "iPhone Developer";
				COPY_PHASE_STRIP = NO;
				DEBUG_INFORMATION_FORMAT = dwarf;
				ENABLE_STRICT_OBJC_MSGSEND = YES;
				ENABLE_TESTABILITY = YES;
				GCC_C_LANGUAGE_STANDARD = gnu99;
				GCC_DYNAMIC_NO_PIC = NO;
				GCC_NO_COMMON_BLOCKS = YES;
				GCC_OPTIMIZATION_LEVEL = 0;
				GCC_PREPROCESSOR_DEFINITIONS = (
					"DEBUG=1",
					"$(inherited)",
				);
				GCC_WARN_64_TO_32_BIT_CONVERSION = YES;
				GCC_WARN_ABOUT_RETURN_TYPE = YES_ERROR;
				GCC_WARN_UNDECLARED_SELECTOR = YES;
				GCC_WARN_UNINITIALIZED_AUTOS = YES_AGGRESSIVE;
				GCC_WARN_UNUSED_FUNCTION = YES;
				GCC_WARN_UNUSED_VARIABLE = YES;
				IPHONEOS_DEPLOYMENT_TARGET = 9.3;
				MTL_ENABLE_DEBUG_INFO = YES;
				ONLY_ACTIVE_ARCH = YES;
				SDKROOT = iphoneos;
				SWIFT_OPTIMIZATION_LEVEL = "-Onone";
			};
			name = Debug;
		};
		94F892921DBE556A0062B8D2 /* Release */ = {
			isa = XCBuildConfiguration;
			buildSettings = {
				ALWAYS_SEARCH_USER_PATHS = NO;
				CLANG_ANALYZER_NONNULL = YES;
				CLANG_CXX_LANGUAGE_STANDARD = "gnu++0x";
				CLANG_CXX_LIBRARY = "libc++";
				CLANG_ENABLE_MODULES = YES;
				CLANG_ENABLE_OBJC_ARC = YES;
				CLANG_WARN_BOOL_CONVERSION = YES;
				CLANG_WARN_CONSTANT_CONVERSION = YES;
				CLANG_WARN_DIRECT_OBJC_ISA_USAGE = YES_ERROR;
				CLANG_WARN_EMPTY_BODY = YES;
				CLANG_WARN_ENUM_CONVERSION = YES;
				CLANG_WARN_INT_CONVERSION = YES;
				CLANG_WARN_OBJC_ROOT_CLASS = YES_ERROR;
				CLANG_WARN_UNREACHABLE_CODE = YES;
				CLANG_WARN__DUPLICATE_METHOD_MATCH = YES;
				"CODE_SIGN_IDENTITY[sdk=iphoneos*]" = "iPhone Developer";
				COPY_PHASE_STRIP = NO;
				DEBUG_INFORMATION_FORMAT = "dwarf-with-dsym";
				ENABLE_NS_ASSERTIONS = NO;
				ENABLE_STRICT_OBJC_MSGSEND = YES;
				GCC_C_LANGUAGE_STANDARD = gnu99;
				GCC_NO_COMMON_BLOCKS = YES;
				GCC_WARN_64_TO_32_BIT_CONVERSION = YES;
				GCC_WARN_ABOUT_RETURN_TYPE = YES_ERROR;
				GCC_WARN_UNDECLARED_SELECTOR = YES;
				GCC_WARN_UNINITIALIZED_AUTOS = YES_AGGRESSIVE;
				GCC_WARN_UNUSED_FUNCTION = YES;
				GCC_WARN_UNUSED_VARIABLE = YES;
				IPHONEOS_DEPLOYMENT_TARGET = 9.3;
				MTL_ENABLE_DEBUG_INFO = NO;
				SDKROOT = iphoneos;
				VALIDATE_PRODUCT = YES;
			};
			name = Release;
		};
		94F892941DBE556A0062B8D2 /* Debug */ = {
			isa = XCBuildConfiguration;
			buildSettings = {
				ASSETCATALOG_COMPILER_APPICON_NAME = AppIcon;
				INFOPLIST_FILE = SwiftBondNCMB/Info.plist;
				LD_RUNPATH_SEARCH_PATHS = "$(inherited) @executable_path/Frameworks";
				PRODUCT_BUNDLE_IDENTIFIER = com.orfool.SwiftBondNCMB;
				PRODUCT_NAME = "$(TARGET_NAME)";
			};
			name = Debug;
		};
		94F892951DBE556A0062B8D2 /* Release */ = {
			isa = XCBuildConfiguration;
			buildSettings = {
				ASSETCATALOG_COMPILER_APPICON_NAME = AppIcon;
				INFOPLIST_FILE = SwiftBondNCMB/Info.plist;
				LD_RUNPATH_SEARCH_PATHS = "$(inherited) @executable_path/Frameworks";
				PRODUCT_BUNDLE_IDENTIFIER = com.orfool.SwiftBondNCMB;
				PRODUCT_NAME = "$(TARGET_NAME)";
			};
			name = Release;
		};
/* End XCBuildConfiguration section */

/* Begin XCConfigurationList section */
		94F8927C1DBE556A0062B8D2 /* Build configuration list for PBXProject "SwiftBondNCMB" */ = {
			isa = XCConfigurationList;
			buildConfigurations = (
				94F892911DBE556A0062B8D2 /* Debug */,
				94F892921DBE556A0062B8D2 /* Release */,
			);
			defaultConfigurationIsVisible = 0;
			defaultConfigurationName = Release;
		};
		94F892931DBE556A0062B8D2 /* Build configuration list for PBXNativeTarget "SwiftBondNCMB" */ = {
			isa = XCConfigurationList;
			buildConfigurations = (
				94F892941DBE556A0062B8D2 /* Debug */,
				94F892951DBE556A0062B8D2 /* Release */,
			);
			defaultConfigurationIsVisible = 0;
		};
/* End XCConfigurationList section */
	};
	rootObject = 94F892791DBE556A0062B8D2 /* Project object */;
}
